# This file was autogenerated by Stack.
# You should not edit this file by hand.
# For more information, please see the documentation at:
#   https://docs.haskellstack.org/en/stable/lock_files

packages:
- completed:
    hackage: decidable-0.1.5.0@sha256:f79f76ff63858257292cf67c75051d95c868c3ad8a54230f1f403349c7955723,1724
    pantry-tree:
      size: 764
      sha256: fcb24e4c1a7ea8a678ecb70dd63f9eebc05620180d147f00b375c50573acd448
  original:
    hackage: decidable-0.1.5.0
snapshots:
- completed:
    size: 513872
    url: https://raw.githubusercontent.com/commercialhaskell/stackage-snapshots/master/nightly/2019/6/28.yaml
    sha256: 60d99bc77de2ab71baaf7114873210155f84e8ae78350f113a1e6307a6b1995c
  original: nightly-2019-06-28
