# This file was autogenerated by Stack.
# You should not edit this file by hand.
# For more information, please see the documentation at:
#   https://docs.haskellstack.org/en/stable/lock_files

packages:
- completed:
    hackage: functor-products-0.1.0.0@sha256:cc5e526b5f3694d33a89044578e4fe74e4e05dd01d5d96bc57be06d6d98a1883,1455
    pantry-tree:
      size: 408
      sha256: 33712b9ee5c4491bcf320dc53618dba0f765a1ece19e26336fa9ed2aa3809365
  original:
    hackage: functor-products-0.1.0.0
- completed:
    hackage: decidable-0.2.0.0@sha256:26ed0030afd612d7cb25e7ed56db905f7d1bfc2ecf7bc78dc5bb11c6daf0fc95,1766
    pantry-tree:
      size: 764
      sha256: 7e81308b22f553e6ec2914afac6cab9a9ee094b3d0f50a94502f4b58b86e3dbf
  original:
    hackage: decidable-0.2.0.0
snapshots:
- completed:
    size: 513872
    url: https://raw.githubusercontent.com/commercialhaskell/stackage-snapshots/master/nightly/2019/6/28.yaml
    sha256: 60d99bc77de2ab71baaf7114873210155f84e8ae78350f113a1e6307a6b1995c
  original: nightly-2019-06-28
